
Microsoft Visual Studio Solution File, Format Version 12.00
# Visual Studio 2013
VisualStudioVersion = 12.0.30501.0
MinimumVisualStudioVersion = 10.0.40219.1
Project("{FAE04EC0-301F-11D3-BF4B-00C04F79EFBC}") = "AGEBasicWPF", "AGEBasicWPF\AGEBasicWPF.csproj", "{CA5FBD99-9F3E-40BB-8511-D4DB3CA909A8}"
EndProject
Project("{FAE04EC0-301F-11D3-BF4B-00C04F79EFBC}") = "AnyGameEngine", "..\AnyGameEngine\AnyGameEngine.csproj", "{186112FA-0739-4BF5-AAA6-1BFC2525C725}"
EndProject
Global
	GlobalSection(SolutionConfigurationPlatforms) = preSolution
		Debug|Any CPU = Debug|Any CPU
		Release|Any CPU = Release|Any CPU
	EndGlobalSection
	GlobalSection(ProjectConfigurationPlatforms) = postSolution
		{CA5FBD99-9F3E-40BB-8511-D4DB3CA909A8}.Debug|Any CPU.ActiveCfg = Debug|Any CPU
		{CA5FBD99-9F3E-40BB-8511-D4DB3CA909A8}.Debug|Any CPU.Build.0 = Debug|Any CPU
		{CA5FBD99-9F3E-40BB-8511-D4DB3CA909A8}.Release|Any CPU.ActiveCfg = Release|Any CPU
		{CA5FBD99-9F3E-40BB-8511-D4DB3CA909A8}.Release|Any CPU.Build.0 = Release|Any CPU
		{186112FA-0739-4BF5-AAA6-1BFC2525C725}.Debug|Any CPU.ActiveCfg = Debug|Any CPU
		{186112FA-0739-4BF5-AAA6-1BFC2525C725}.Debug|Any CPU.Build.0 = Debug|Any CPU
		{186112FA-0739-4BF5-AAA6-1BFC2525C725}.Release|Any CPU.ActiveCfg = Release|Any CPU
		{186112FA-0739-4BF5-AAA6-1BFC2525C725}.Release|Any CPU.Build.0 = Release|Any CPU
	EndGlobalSection
	GlobalSection(SolutionProperties) = preSolution
		HideSolutionNode = FALSE
	EndGlobalSection
EndGlobal
